PODS:
  - Bolts (1.1.5):
    - Bolts/AppLinks (= 1.1.5)
    - Bolts/Tasks (= 1.1.5)
  - Bolts/AppLinks (1.1.5):
    - Bolts/Tasks
  - Bolts/Tasks (1.1.5)
  - Gini-iOS-SDK (0.3.0):
    - Bolts (~> 1.1.0)
  - GiniVisionSDK (0.91.163):
    - OpenCV (= 2.4.8)
  - OpenCV (2.4.8)

DEPENDENCIES:
  - Gini-iOS-SDK
  - GiniVisionSDK

SPEC CHECKSUMS:
  Bolts: aac24961496d504aa56fc267cde95162a71bac39
  Gini-iOS-SDK: a10593870472fb94fc82f6173cd35171d07ca0e3
  GiniVisionSDK: aa194c388bd00fd7c40090ddddee74975dd9afa4
  OpenCV: b983bf3b1ec377c187939935066f438dceafc926

COCOAPODS: 0.39.0
